// !$*UTF8*$!
{
	archiveVersion = 1;
	classes = {
	};
	objectVersion = 50;
	objects = {

/* Begin PBXBuildFile section */
		E747AEB826655B4D00F458D7 /* AppDelegate.swift in Sources */ = {isa = PBXBuildFile; fileRef = E747AEB726655B4D00F458D7 /* AppDelegate.swift */; };
		E747AEBA26655B4D00F458D7 /* SceneDelegate.swift in Sources */ = {isa = PBXBuildFile; fileRef = E747AEB926655B4D00F458D7 /* SceneDelegate.swift */; };
		E747AEBC26655B4D00F458D7 /* WeatherListView.swift in Sources */ = {isa = PBXBuildFile; fileRef = E747AEBB26655B4D00F458D7 /* WeatherListView.swift */; };
		E747AEBE26655B4E00F458D7 /* Assets.xcassets in Resources */ = {isa = PBXBuildFile; fileRef = E747AEBD26655B4E00F458D7 /* Assets.xcassets */; };
		E747AEC126655B4E00F458D7 /* Preview Assets.xcassets in Resources */ = {isa = PBXBuildFile; fileRef = E747AEC026655B4E00F458D7 /* Preview Assets.xcassets */; };
		E747AEC426655B4E00F458D7 /* LaunchScreen.storyboard in Resources */ = {isa = PBXBuildFile; fileRef = E747AEC226655B4E00F458D7 /* LaunchScreen.storyboard */; };
		E747AECD26656E0800F458D7 /* WeatherRow.swift in Sources */ = {isa = PBXBuildFile; fileRef = E747AECC26656E0800F458D7 /* WeatherRow.swift */; };
		E747AED1266572AE00F458D7 /* WeatherInfo.swift in Sources */ = {isa = PBXBuildFile; fileRef = E747AED0266572AE00F458D7 /* WeatherInfo.swift */; };
		E75020C42666458C006082DA /* WeatherDetailView.swift in Sources */ = {isa = PBXBuildFile; fileRef = E75020C32666458C006082DA /* WeatherDetailView.swift */; };
		E75020C626665132006082DA /* WeatherInfoRow.swift in Sources */ = {isa = PBXBuildFile; fileRef = E75020C526665132006082DA /* WeatherInfoRow.swift */; };
		E75020C926665605006082DA /* WeatherClient.swift in Sources */ = {isa = PBXBuildFile; fileRef = E75020C826665605006082DA /* WeatherClient.swift */; };
		E75020CB26666789006082DA /* Weather.swift in Sources */ = {isa = PBXBuildFile; fileRef = E75020CA26666789006082DA /* Weather.swift */; };
		E75020CD266667ED006082DA /* Main.swift in Sources */ = {isa = PBXBuildFile; fileRef = E75020CC266667ED006082DA /* Main.swift */; };
		E75020CF2666688E006082DA /* Wind.swift in Sources */ = {isa = PBXBuildFile; fileRef = E75020CE2666688E006082DA /* Wind.swift */; };
		E75020D1266668BD006082DA /* Sys.swift in Sources */ = {isa = PBXBuildFile; fileRef = E75020D0266668BD006082DA /* Sys.swift */; };
		E75020DF2667B7A3006082DA /* Country.swift in Sources */ = {isa = PBXBuildFile; fileRef = E75020DE2667B7A3006082DA /* Country.swift */; };
		E75020E12667B82C006082DA /* CountriesResponse.swift in Sources */ = {isa = PBXBuildFile; fileRef = E75020E02667B82C006082DA /* CountriesResponse.swift */; };
		E75020E32667B865006082DA /* CountriesClient.swift in Sources */ = {isa = PBXBuildFile; fileRef = E75020E22667B865006082DA /* CountriesClient.swift */; };
		E75020E52667B9D7006082DA /* CountryListView.swift in Sources */ = {isa = PBXBuildFile; fileRef = E75020E42667B9D7006082DA /* CountryListView.swift */; };
		E7C1C08F2667F808004C8A84 /* CountryResponse.swift in Sources */ = {isa = PBXBuildFile; fileRef = E7C1C08E2667F808004C8A84 /* CountryResponse.swift */; };
		E7C1C0912667FB8B004C8A84 /* CountryRequest.swift in Sources */ = {isa = PBXBuildFile; fileRef = E7C1C0902667FB8B004C8A84 /* CountryRequest.swift */; };
/* End PBXBuildFile section */

/* Begin PBXFileReference section */
		E747AEB426655B4D00F458D7 /* Weather.app */ = {isa = PBXFileReference; explicitFileType = wrapper.application; includeInIndex = 0; path = Weather.app; sourceTree = BUILT_PRODUCTS_DIR; };
		E747AEB726655B4D00F458D7 /* AppDelegate.swift */ = {isa = PBXFileReference; lastKnownFileType = sourcecode.swift; path = AppDelegate.swift; sourceTree = "<group>"; };
		E747AEB926655B4D00F458D7 /* SceneDelegate.swift */ = {isa = PBXFileReference; lastKnownFileType = sourcecode.swift; path = SceneDelegate.swift; sourceTree = "<group>"; };
		E747AEBB26655B4D00F458D7 /* WeatherListView.swift */ = {isa = PBXFileReference; lastKnownFileType = sourcecode.swift; path = WeatherListView.swift; sourceTree = "<group>"; };
		E747AEBD26655B4E00F458D7 /* Assets.xcassets */ = {isa = PBXFileReference; lastKnownFileType = folder.assetcatalog; path = Assets.xcassets; sourceTree = "<group>"; };
		E747AEC026655B4E00F458D7 /* Preview Assets.xcassets */ = {isa = PBXFileReference; lastKnownFileType = folder.assetcatalog; path = "Preview Assets.xcassets"; sourceTree = "<group>"; };
		E747AEC326655B4E00F458D7 /* Base */ = {isa = PBXFileReference; lastKnownFileType = file.storyboard; name = Base; path = Base.lproj/LaunchScreen.storyboard; sourceTree = "<group>"; };
		E747AEC526655B4E00F458D7 /* Info.plist */ = {isa = PBXFileReference; lastKnownFileType = text.plist.xml; path = Info.plist; sourceTree = "<group>"; };
		E747AECC26656E0800F458D7 /* WeatherRow.swift */ = {isa = PBXFileReference; lastKnownFileType = sourcecode.swift; path = WeatherRow.swift; sourceTree = "<group>"; };
		E747AED0266572AE00F458D7 /* WeatherInfo.swift */ = {isa = PBXFileReference; lastKnownFileType = sourcecode.swift; path = WeatherInfo.swift; sourceTree = "<group>"; };
		E75020C32666458C006082DA /* WeatherDetailView.swift */ = {isa = PBXFileReference; lastKnownFileType = sourcecode.swift; path = WeatherDetailView.swift; sourceTree = "<group>"; };
		E75020C526665132006082DA /* WeatherInfoRow.swift */ = {isa = PBXFileReference; lastKnownFileType = sourcecode.swift; path = WeatherInfoRow.swift; sourceTree = "<group>"; };
		E75020C826665605006082DA /* WeatherClient.swift */ = {isa = PBXFileReference; lastKnownFileType = sourcecode.swift; path = WeatherClient.swift; sourceTree = "<group>"; };
		E75020CA26666789006082DA /* Weather.swift */ = {isa = PBXFileReference; lastKnownFileType = sourcecode.swift; path = Weather.swift; sourceTree = "<group>"; };
		E75020CC266667ED006082DA /* Main.swift */ = {isa = PBXFileReference; lastKnownFileType = sourcecode.swift; path = Main.swift; sourceTree = "<group>"; };
		E75020CE2666688E006082DA /* Wind.swift */ = {isa = PBXFileReference; lastKnownFileType = sourcecode.swift; path = Wind.swift; sourceTree = "<group>"; };
		E75020D0266668BD006082DA /* Sys.swift */ = {isa = PBXFileReference; lastKnownFileType = sourcecode.swift; path = Sys.swift; sourceTree = "<group>"; };
		E75020DE2667B7A3006082DA /* Country.swift */ = {isa = PBXFileReference; lastKnownFileType = sourcecode.swift; path = Country.swift; sourceTree = "<group>"; };
		E75020E02667B82C006082DA /* CountriesResponse.swift */ = {isa = PBXFileReference; lastKnownFileType = sourcecode.swift; path = CountriesResponse.swift; sourceTree = "<group>"; };
		E75020E22667B865006082DA /* CountriesClient.swift */ = {isa = PBXFileReference; lastKnownFileType = sourcecode.swift; path = CountriesClient.swift; sourceTree = "<group>"; };
		E75020E42667B9D7006082DA /* CountryListView.swift */ = {isa = PBXFileReference; lastKnownFileType = sourcecode.swift; path = CountryListView.swift; sourceTree = "<group>"; };
		E7C1C08E2667F808004C8A84 /* CountryResponse.swift */ = {isa = PBXFileReference; lastKnownFileType = sourcecode.swift; path = CountryResponse.swift; sourceTree = "<group>"; };
		E7C1C0902667FB8B004C8A84 /* CountryRequest.swift */ = {isa = PBXFileReference; lastKnownFileType = sourcecode.swift; path = CountryRequest.swift; sourceTree = "<group>"; };
/* End PBXFileReference section */

/* Begin PBXFrameworksBuildPhase section */
		E747AEB126655B4D00F458D7 /* Frameworks */ = {
			isa = PBXFrameworksBuildPhase;
			buildActionMask = 2147483647;
			files = (
			);
			runOnlyForDeploymentPostprocessing = 0;
		};
/* End PBXFrameworksBuildPhase section */

/* Begin PBXGroup section */
		E747AEAB26655B4D00F458D7 = {
			isa = PBXGroup;
			children = (
				E747AEB626655B4D00F458D7 /* Weather */,
				E747AEB526655B4D00F458D7 /* Products */,
			);
			sourceTree = "<group>";
		};
		E747AEB526655B4D00F458D7 /* Products */ = {
			isa = PBXGroup;
			children = (
				E747AEB426655B4D00F458D7 /* Weather.app */,
			);
			name = Products;
			sourceTree = "<group>";
		};
		E747AEB626655B4D00F458D7 /* Weather */ = {
			isa = PBXGroup;
			children = (
				E75020EA2667BF04006082DA /* Delegates */,
				E75020C7266655F5006082DA /* Clients */,
				E747AECF2665728200F458D7 /* Models */,
				E747AECE2665702700F458D7 /* Views */,
				E747AECB26656DF100F458D7 /* Rows */,
				E747AEBD26655B4E00F458D7 /* Assets.xcassets */,
				E747AEC226655B4E00F458D7 /* LaunchScreen.storyboard */,
				E747AEC526655B4E00F458D7 /* Info.plist */,
				E747AEBF26655B4E00F458D7 /* Preview Content */,
			);
			path = Weather;
			sourceTree = "<group>";
		};
		E747AEBF26655B4E00F458D7 /* Preview Content */ = {
			isa = PBXGroup;
			children = (
				E747AEC026655B4E00F458D7 /* Preview Assets.xcassets */,
			);
			path = "Preview Content";
			sourceTree = "<group>";
		};
		E747AECB26656DF100F458D7 /* Rows */ = {
			isa = PBXGroup;
			children = (
				E747AECC26656E0800F458D7 /* WeatherRow.swift */,
				E75020C526665132006082DA /* WeatherInfoRow.swift */,
			);
			path = Rows;
			sourceTree = "<group>";
		};
		E747AECE2665702700F458D7 /* Views */ = {
			isa = PBXGroup;
			children = (
				E747AEBB26655B4D00F458D7 /* WeatherListView.swift */,
				E75020C32666458C006082DA /* WeatherDetailView.swift */,
				E75020E42667B9D7006082DA /* CountryListView.swift */,
			);
			path = Views;
			sourceTree = "<group>";
		};
		E747AECF2665728200F458D7 /* Models */ = {
			isa = PBXGroup;
			children = (
				E75020E92667BE5A006082DA /* Country */,
				E75020E82667BE4F006082DA /* Weather */,
			);
			path = Models;
			sourceTree = "<group>";
		};
		E75020C7266655F5006082DA /* Clients */ = {
			isa = PBXGroup;
			children = (
				E75020C826665605006082DA /* WeatherClient.swift */,
				E75020E22667B865006082DA /* CountriesClient.swift */,
			);
			path = Clients;
			sourceTree = "<group>";
		};
		E75020E82667BE4F006082DA /* Weather */ = {
			isa = PBXGroup;
			children = (
				E747AED0266572AE00F458D7 /* WeatherInfo.swift */,
				E75020CA26666789006082DA /* Weather.swift */,
				E75020CC266667ED006082DA /* Main.swift */,
				E75020CE2666688E006082DA /* Wind.swift */,
				E75020D0266668BD006082DA /* Sys.swift */,
			);
			path = Weather;
			sourceTree = "<group>";
		};
		E75020E92667BE5A006082DA /* Country */ = {
			isa = PBXGroup;
			children = (
				E75020DE2667B7A3006082DA /* Country.swift */,
				E75020E02667B82C006082DA /* CountriesResponse.swift */,
				E7C1C08E2667F808004C8A84 /* CountryResponse.swift */,
				E7C1C0902667FB8B004C8A84 /* CountryRequest.swift */,
			);
			path = Country;
			sourceTree = "<group>";
		};
		E75020EA2667BF04006082DA /* Delegates */ = {
			isa = PBXGroup;
			children = (
				E747AEB726655B4D00F458D7 /* AppDelegate.swift */,
				E747AEB926655B4D00F458D7 /* SceneDelegate.swift */,
			);
			path = Delegates;
			sourceTree = "<group>";
		};
/* End PBXGroup section */

/* Begin PBXNativeTarget section */
		E747AEB326655B4D00F458D7 /* Weather */ = {
			isa = PBXNativeTarget;
			buildConfigurationList = E747AEC826655B4E00F458D7 /* Build configuration list for PBXNativeTarget "Weather" */;
			buildPhases = (
				E747AEB026655B4D00F458D7 /* Sources */,
				E747AEB126655B4D00F458D7 /* Frameworks */,
				E747AEB226655B4D00F458D7 /* Resources */,
			);
			buildRules = (
			);
			dependencies = (
			);
			name = Weather;
			productName = Weather;
			productReference = E747AEB426655B4D00F458D7 /* Weather.app */;
			productType = "com.apple.product-type.application";
		};
/* End PBXNativeTarget section */

/* Begin PBXProject section */
		E747AEAC26655B4D00F458D7 /* Project object */ = {
			isa = PBXProject;
			attributes = {
				LastSwiftUpdateCheck = 1250;
				LastUpgradeCheck = 1250;
				TargetAttributes = {
					E747AEB326655B4D00F458D7 = {
						CreatedOnToolsVersion = 12.5;
					};
				};
			};
			buildConfigurationList = E747AEAF26655B4D00F458D7 /* Build configuration list for PBXProject "Weather" */;
			compatibilityVersion = "Xcode 9.3";
			developmentRegion = en;
			hasScannedForEncodings = 0;
			knownRegions = (
				en,
				Base,
			);
			mainGroup = E747AEAB26655B4D00F458D7;
			productRefGroup = E747AEB526655B4D00F458D7 /* Products */;
			projectDirPath = "";
			projectRoot = "";
			targets = (
				E747AEB326655B4D00F458D7 /* Weather */,
			);
		};
/* End PBXProject section */

/* Begin PBXResourcesBuildPhase section */
		E747AEB226655B4D00F458D7 /* Resources */ = {
			isa = PBXResourcesBuildPhase;
			buildActionMask = 2147483647;
			files = (
				E747AEC426655B4E00F458D7 /* LaunchScreen.storyboard in Resources */,
				E747AEC126655B4E00F458D7 /* Preview Assets.xcassets in Resources */,
				E747AEBE26655B4E00F458D7 /* Assets.xcassets in Resources */,
			);
			runOnlyForDeploymentPostprocessing = 0;
		};
/* End PBXResourcesBuildPhase section */

/* Begin PBXSourcesBuildPhase section */
		E747AEB026655B4D00F458D7 /* Sources */ = {
			isa = PBXSourcesBuildPhase;
			buildActionMask = 2147483647;
			files = (
				E75020CD266667ED006082DA /* Main.swift in Sources */,
				E75020E12667B82C006082DA /* CountriesResponse.swift in Sources */,
				E75020E32667B865006082DA /* CountriesClient.swift in Sources */,
				E75020C926665605006082DA /* WeatherClient.swift in Sources */,
				E75020C42666458C006082DA /* WeatherDetailView.swift in Sources */,
				E747AECD26656E0800F458D7 /* WeatherRow.swift in Sources */,
				E75020DF2667B7A3006082DA /* Country.swift in Sources */,
				E75020CF2666688E006082DA /* Wind.swift in Sources */,
				E747AEB826655B4D00F458D7 /* AppDelegate.swift in Sources */,
				E75020CB26666789006082DA /* Weather.swift in Sources */,
				E747AEBA26655B4D00F458D7 /* SceneDelegate.swift in Sources */,
				E7C1C08F2667F808004C8A84 /* CountryResponse.swift in Sources */,
				E75020E52667B9D7006082DA /* CountryListView.swift in Sources */,
				E747AED1266572AE00F458D7 /* WeatherInfo.swift in Sources */,
				E7C1C0912667FB8B004C8A84 /* CountryRequest.swift in Sources */,
				E75020C626665132006082DA /* WeatherInfoRow.swift in Sources */,
				E747AEBC26655B4D00F458D7 /* WeatherListView.swift in Sources */,
				E75020D1266668BD006082DA /* Sys.swift in Sources */,
			);
			runOnlyForDeploymentPostprocessing = 0;
		};
/* End PBXSourcesBuildPhase section */

/* Begin PBXVariantGroup section */
		E747AEC226655B4E00F458D7 /* LaunchScreen.storyboard */ = {
			isa = PBXVariantGroup;
			children = (
				E747AEC326655B4E00F458D7 /* Base */,
			);
			name = LaunchScreen.storyboard;
			sourceTree = "<group>";
		};
/* End PBXVariantGroup section */

/* Begin XCBuildConfiguration section */
		E747AEC626655B4E00F458D7 /* Debug */ = {
			isa = XCBuildConfiguration;
			buildSettings = {
				ALWAYS_SEARCH_USER_PATHS = NO;
				CLANG_ANALYZER_NONNULL = YES;
				CLANG_ANALYZER_NUMBER_OBJECT_CONVERSION = YES_AGGRESSIVE;
				CLANG_CXX_LANGUAGE_STANDARD = "gnu++14";
				CLANG_CXX_LIBRARY = "libc++";
				CLANG_ENABLE_MODULES = YES;
				CLANG_ENABLE_OBJC_ARC = YES;
				CLANG_ENABLE_OBJC_WEAK = YES;
				CLANG_WARN_BLOCK_CAPTURE_AUTORELEASING = YES;
				CLANG_WARN_BOOL_CONVERSION = YES;
				CLANG_WARN_COMMA = YES;
				CLANG_WARN_CONSTANT_CONVERSION = YES;
				CLANG_WARN_DEPRECATED_OBJC_IMPLEMENTATIONS = YES;
				CLANG_WARN_DIRECT_OBJC_ISA_USAGE = YES_ERROR;
				CLANG_WARN_DOCUMENTATION_COMMENTS = YES;
				CLANG_WARN_EMPTY_BODY = YES;
				CLANG_WARN_ENUM_CONVERSION = YES;
				CLANG_WARN_INFINITE_RECURSION = YES;
				CLANG_WARN_INT_CONVERSION = YES;
				CLANG_WARN_NON_LITERAL_NULL_CONVERSION = YES;
				CLANG_WARN_OBJC_IMPLICIT_RETAIN_SELF = YES;
				CLANG_WARN_OBJC_LITERAL_CONVERSION = YES;
				CLANG_WARN_OBJC_ROOT_CLASS = YES_ERROR;
				CLANG_WARN_QUOTED_INCLUDE_IN_FRAMEWORK_HEADER = YES;
				CLANG_WARN_RANGE_LOOP_ANALYSIS = YES;
				CLANG_WARN_STRICT_PROTOTYPES = YES;
				CLANG_WARN_SUSPICIOUS_MOVE = YES;
				CLANG_WARN_UNGUARDED_AVAILABILITY = YES_AGGRESSIVE;
				CLANG_WARN_UNREACHABLE_CODE = YES;
				CLANG_WARN__DUPLICATE_METHOD_MATCH = YES;
				COPY_PHASE_STRIP = NO;
				DEBUG_INFORMATION_FORMAT = dwarf;
				ENABLE_STRICT_OBJC_MSGSEND = YES;
				ENABLE_TESTABILITY = YES;
				GCC_C_LANGUAGE_STANDARD = gnu11;
				GCC_DYNAMIC_NO_PIC = NO;
				GCC_NO_COMMON_BLOCKS = YES;
				GCC_OPTIMIZATION_LEVEL = 0;
				GCC_PREPROCESSOR_DEFINITIONS = (
					"DEBUG=1",
					"$(inherited)",
				);
				GCC_WARN_64_TO_32_BIT_CONVERSION = YES;
				GCC_WARN_ABOUT_RETURN_TYPE = YES_ERROR;
				GCC_WARN_UNDECLARED_SELECTOR = YES;
				GCC_WARN_UNINITIALIZED_AUTOS = YES_AGGRESSIVE;
				GCC_WARN_UNUSED_FUNCTION = YES;
				GCC_WARN_UNUSED_VARIABLE = YES;
				IPHONEOS_DEPLOYMENT_TARGET = 14.5;
				MTL_ENABLE_DEBUG_INFO = INCLUDE_SOURCE;
				MTL_FAST_MATH = YES;
				ONLY_ACTIVE_ARCH = YES;
				SDKROOT = iphoneos;
				SWIFT_ACTIVE_COMPILATION_CONDITIONS = DEBUG;
				SWIFT_OPTIMIZATION_LEVEL = "-Onone";
			};
			name = Debug;
		};
		E747AEC726655B4E00F458D7 /* Release */ = {
			isa = XCBuildConfiguration;
			buildSettings = {
				ALWAYS_SEARCH_USER_PATHS = NO;
				CLANG_ANALYZER_NONNULL = YES;
				CLANG_ANALYZER_NUMBER_OBJECT_CONVERSION = YES_AGGRESSIVE;
				CLANG_CXX_LANGUAGE_STANDARD = "gnu++14";
				CLANG_CXX_LIBRARY = "libc++";
				CLANG_ENABLE_MODULES = YES;
				CLANG_ENABLE_OBJC_ARC = YES;
				CLANG_ENABLE_OBJC_WEAK = YES;
				CLANG_WARN_BLOCK_CAPTURE_AUTORELEASING = YES;
				CLANG_WARN_BOOL_CONVERSION = YES;
				CLANG_WARN_COMMA = YES;
				CLANG_WARN_CONSTANT_CONVERSION = YES;
				CLANG_WARN_DEPRECATED_OBJC_IMPLEMENTATIONS = YES;
				CLANG_WARN_DIRECT_OBJC_ISA_USAGE = YES_ERROR;
				CLANG_WARN_DOCUMENTATION_COMMENTS = YES;
				CLANG_WARN_EMPTY_BODY = YES;
				CLANG_WARN_ENUM_CONVERSION = YES;
				CLANG_WARN_INFINITE_RECURSION = YES;
				CLANG_WARN_INT_CONVERSION = YES;
				CLANG_WARN_NON_LITERAL_NULL_CONVERSION = YES;
				CLANG_WARN_OBJC_IMPLICIT_RETAIN_SELF = YES;
				CLANG_WARN_OBJC_LITERAL_CONVERSION = YES;
				CLANG_WARN_OBJC_ROOT_CLASS = YES_ERROR;
				CLANG_WARN_QUOTED_INCLUDE_IN_FRAMEWORK_HEADER = YES;
				CLANG_WARN_RANGE_LOOP_ANALYSIS = YES;
				CLANG_WARN_STRICT_PROTOTYPES = YES;
				CLANG_WARN_SUSPICIOUS_MOVE = YES;
				CLANG_WARN_UNGUARDED_AVAILABILITY = YES_AGGRESSIVE;
				CLANG_WARN_UNREACHABLE_CODE = YES;
				CLANG_WARN__DUPLICATE_METHOD_MATCH = YES;
				COPY_PHASE_STRIP = NO;
				DEBUG_INFORMATION_FORMAT = "dwarf-with-dsym";
				ENABLE_NS_ASSERTIONS = NO;
				ENABLE_STRICT_OBJC_MSGSEND = YES;
				GCC_C_LANGUAGE_STANDARD = gnu11;
				GCC_NO_COMMON_BLOCKS = YES;
				GCC_WARN_64_TO_32_BIT_CONVERSION = YES;
				GCC_WARN_ABOUT_RETURN_TYPE = YES_ERROR;
				GCC_WARN_UNDECLARED_SELECTOR = YES;
				GCC_WARN_UNINITIALIZED_AUTOS = YES_AGGRESSIVE;
				GCC_WARN_UNUSED_FUNCTION = YES;
				GCC_WARN_UNUSED_VARIABLE = YES;
				IPHONEOS_DEPLOYMENT_TARGET = 14.5;
				MTL_ENABLE_DEBUG_INFO = NO;
				MTL_FAST_MATH = YES;
				SDKROOT = iphoneos;
				SWIFT_COMPILATION_MODE = wholemodule;
				SWIFT_OPTIMIZATION_LEVEL = "-O";
				VALIDATE_PRODUCT = YES;
			};
			name = Release;
		};
		E747AEC926655B4E00F458D7 /* Debug */ = {
			isa = XCBuildConfiguration;
			buildSettings = {
				ASSETCATALOG_COMPILER_APPICON_NAME = AppIcon;
				ASSETCATALOG_COMPILER_GLOBAL_ACCENT_COLOR_NAME = AccentColor;
				CODE_SIGN_STYLE = Automatic;
				DEVELOPMENT_ASSET_PATHS = "\"Weather/Preview Content\"";
				DEVELOPMENT_TEAM = S45TN3XH9D;
				ENABLE_PREVIEWS = YES;
				INFOPLIST_FILE = Weather/Info.plist;
				LD_RUNPATH_SEARCH_PATHS = (
					"$(inherited)",
					"@executable_path/Frameworks",
				);
				PRODUCT_BUNDLE_IDENTIFIER = com.mksdevelopmentgroup.Weather;
				PRODUCT_NAME = "$(TARGET_NAME)";
				SWIFT_VERSION = 5.0;
				TARGETED_DEVICE_FAMILY = 1;
			};
			name = Debug;
		};
		E747AECA26655B4E00F458D7 /* Release */ = {
			isa = XCBuildConfiguration;
			buildSettings = {
				ASSETCATALOG_COMPILER_APPICON_NAME = AppIcon;
				ASSETCATALOG_COMPILER_GLOBAL_ACCENT_COLOR_NAME = AccentColor;
				CODE_SIGN_STYLE = Automatic;
				DEVELOPMENT_ASSET_PATHS = "\"Weather/Preview Content\"";
				DEVELOPMENT_TEAM = S45TN3XH9D;
				ENABLE_PREVIEWS = YES;
				INFOPLIST_FILE = Weather/Info.plist;
				LD_RUNPATH_SEARCH_PATHS = (
					"$(inherited)",
					"@executable_path/Frameworks",
				);
				PRODUCT_BUNDLE_IDENTIFIER = com.mksdevelopmentgroup.Weather;
				PRODUCT_NAME = "$(TARGET_NAME)";
				SWIFT_VERSION = 5.0;
				TARGETED_DEVICE_FAMILY = 1;
			};
			name = Release;
		};
/* End XCBuildConfiguration section */

/* Begin XCConfigurationList section */
		E747AEAF26655B4D00F458D7 /* Build configuration list for PBXProject "Weather" */ = {
			isa = XCConfigurationList;
			buildConfigurations = (
				E747AEC626655B4E00F458D7 /* Debug */,
				E747AEC726655B4E00F458D7 /* Release */,
			);
			defaultConfigurationIsVisible = 0;
			defaultConfigurationName = Release;
		};
		E747AEC826655B4E00F458D7 /* Build configuration list for PBXNativeTarget "Weather" */ = {
			isa = XCConfigurationList;
			buildConfigurations = (
				E747AEC926655B4E00F458D7 /* Debug */,
				E747AECA26655B4E00F458D7 /* Release */,
			);
			defaultConfigurationIsVisible = 0;
			defaultConfigurationName = Release;
		};
/* End XCConfigurationList section */
	};
	rootObject = E747AEAC26655B4D00F458D7 /* Project object */;
}
